
Microsoft Visual Studio Solution File, Format Version 12.00
# Visual Studio Version 17
VisualStudioVersion = 17.0.32014.148
MinimumVisualStudioVersion = 10.0.40219.1
Project("{FAE04EC0-301F-11D3-BF4B-00C04F79EFBC}") = "ExercException", "ExercException\ExercException.csproj", "{D1613E5A-8426-4938-8261-DA848E4A14B9}"
EndProject
Global
	GlobalSection(SolutionConfigurationPlatforms) = preSolution
		Debug|Any CPU = Debug|Any CPU
		Release|Any CPU = Release|Any CPU
	EndGlobalSection
	GlobalSection(ProjectConfigurationPlatforms) = postSolution
		{D1613E5A-8426-4938-8261-DA848E4A14B9}.Debug|Any CPU.ActiveCfg = Debug|Any CPU
		{D1613E5A-8426-4938-8261-DA848E4A14B9}.Debug|Any CPU.Build.0 = Debug|Any CPU
		{D1613E5A-8426-4938-8261-DA848E4A14B9}.Release|Any CPU.ActiveCfg = Release|Any CPU
		{D1613E5A-8426-4938-8261-DA848E4A14B9}.Release|Any CPU.Build.0 = Release|Any CPU
	EndGlobalSection
	GlobalSection(SolutionProperties) = preSolution
		HideSolutionNode = FALSE
	EndGlobalSection
	GlobalSection(ExtensibilityGlobals) = postSolution
		SolutionGuid = {DB129245-200A-4C73-81C0-116331461FC3}
	EndGlobalSection
EndGlobal
